
Microsoft Visual Studio Solution File, Format Version 12.00
# Visual Studio Version 16
VisualStudioVersion = 16.0.29613.14
MinimumVisualStudioVersion = 10.0.40219.1
Project("{FAE04EC0-301F-11D3-BF4B-00C04F79EFBC}") = "SeleniumProject", "SeleniumProject.csproj", "{1CE2A3EA-ACE1-4B94-A674-A455000B3095}"
EndProject
Global
	GlobalSection(SolutionConfigurationPlatforms) = preSolution
		Debug|Any CPU = Debug|Any CPU
		Release|Any CPU = Release|Any CPU
	EndGlobalSection
	GlobalSection(ProjectConfigurationPlatforms) = postSolution
		{1CE2A3EA-ACE1-4B94-A674-A455000B3095}.Debug|Any CPU.ActiveCfg = Debug|Any CPU
		{1CE2A3EA-ACE1-4B94-A674-A455000B3095}.Debug|Any CPU.Build.0 = Debug|Any CPU
		{1CE2A3EA-ACE1-4B94-A674-A455000B3095}.Release|Any CPU.ActiveCfg = Release|Any CPU
		{1CE2A3EA-ACE1-4B94-A674-A455000B3095}.Release|Any CPU.Build.0 = Release|Any CPU
	EndGlobalSection
	GlobalSection(SolutionProperties) = preSolution
		HideSolutionNode = FALSE
	EndGlobalSection
	GlobalSection(ExtensibilityGlobals) = postSolution
		SolutionGuid = {E91570BF-62A2-435E-94C8-6337662666F3}
	EndGlobalSection
EndGlobal
